{
  "nodes": {
    "bevy-flake": {
      "inputs": {
        "nixpkgs": [
          "nixpkgs"
        ]
      },
      "locked": {
        "lastModified": 1775273532,
        "narHash": "sha256-nlSHPuj295yYH1wh0sRO5wy1mpYA1D9OKfZ/rdwv3ds=",
        "owner": "swagtop",
        "repo": "bevy-flake",
        "rev": "4f783153381582bd97f03169e098e4afd14472bb",
        "type": "github"
      },
      "original": {
        "owner": "swagtop",
        "repo": "bevy-flake",
        "type": "github"
      }
    },
    "nixpkgs": {
      "locked": {
        "lastModified": 1776877367,
        "narHash": "sha256-EHq1/OX139R1RvBzOJ0aMRT3xnWyqtHBRUBuO1gFzjI=",
        "owner": "NixOS",
        "repo": "nixpkgs",
        "rev": "0726a0ecb6d4e08f6adced58726b95db924cef57",
        "type": "github"
      },
      "original": {
        "owner": "NixOS",
        "ref": "nixos-unstable",
        "repo": "nixpkgs",
        "type": "github"
      }
    },
    "root": {
      "inputs": {
        "bevy-flake": "bevy-flake",
        "nixpkgs": "nixpkgs"
      }
    }
  },
  "root": "root",
  "version": 7
}
